
Microsoft Visual Studio Solution File, Format Version 12.00
# Visual Studio 15
VisualStudioVersion = 15.0.28307.960
MinimumVisualStudioVersion = 10.0.40219.1
Project("{FAE04EC0-301F-11D3-BF4B-00C04F79EFBC}") = "Приставы", "Приставы\Приставы.csproj", "{685F25E4-9CAE-48AF-AD77-FE91FA8E1B64}"
EndProject
Global
	GlobalSection(SolutionConfigurationPlatforms) = preSolution
		Debug|Any CPU = Debug|Any CPU
		Release|Any CPU = Release|Any CPU
	EndGlobalSection
	GlobalSection(ProjectConfigurationPlatforms) = postSolution
		{685F25E4-9CAE-48AF-AD77-FE91FA8E1B64}.Debug|Any CPU.ActiveCfg = Debug|Any CPU
		{685F25E4-9CAE-48AF-AD77-FE91FA8E1B64}.Debug|Any CPU.Build.0 = Debug|Any CPU
		{685F25E4-9CAE-48AF-AD77-FE91FA8E1B64}.Release|Any CPU.ActiveCfg = Release|Any CPU
		{685F25E4-9CAE-48AF-AD77-FE91FA8E1B64}.Release|Any CPU.Build.0 = Release|Any CPU
	EndGlobalSection
	GlobalSection(SolutionProperties) = preSolution
		HideSolutionNode = FALSE
	EndGlobalSection
	GlobalSection(ExtensibilityGlobals) = postSolution
		SolutionGuid = {3D1A2953-75FD-421C-90E3-5F4A73B83F53}
	EndGlobalSection
EndGlobal
